
Microsoft Visual Studio Solution File, Format Version 12.00
# Visual Studio Version 17
VisualStudioVersion = 17.3.32929.385
MinimumVisualStudioVersion = 10.0.40219.1
Project("{9A19103F-16F7-4668-BE54-9A1E7A4F7556}") = "Lab4", "Lab4.csproj", "{4A8A7873-4122-4B88-B090-9EA69C0DDF13}"
EndProject
Project("{FAE04EC0-301F-11D3-BF4B-00C04F79EFBC}") = "Lab4Testing", "..\Lab4Testing\Lab4Testing.csproj", "{F62CDB2D-AA42-4E92-9F8D-C448BA8C0658}"
EndProject
Global
	GlobalSection(SolutionConfigurationPlatforms) = preSolution
		Debug|Any CPU = Debug|Any CPU
		Release|Any CPU = Release|Any CPU
	EndGlobalSection
	GlobalSection(ProjectConfigurationPlatforms) = postSolution
		{4A8A7873-4122-4B88-B090-9EA69C0DDF13}.Debug|Any CPU.ActiveCfg = Debug|Any CPU
		{4A8A7873-4122-4B88-B090-9EA69C0DDF13}.Debug|Any CPU.Build.0 = Debug|Any CPU
		{4A8A7873-4122-4B88-B090-9EA69C0DDF13}.Release|Any CPU.ActiveCfg = Release|Any CPU
		{4A8A7873-4122-4B88-B090-9EA69C0DDF13}.Release|Any CPU.Build.0 = Release|Any CPU
		{F62CDB2D-AA42-4E92-9F8D-C448BA8C0658}.Debug|Any CPU.ActiveCfg = Debug|Any CPU
		{F62CDB2D-AA42-4E92-9F8D-C448BA8C0658}.Debug|Any CPU.Build.0 = Debug|Any CPU
		{F62CDB2D-AA42-4E92-9F8D-C448BA8C0658}.Release|Any CPU.ActiveCfg = Release|Any CPU
		{F62CDB2D-AA42-4E92-9F8D-C448BA8C0658}.Release|Any CPU.Build.0 = Release|Any CPU
	EndGlobalSection
	GlobalSection(SolutionProperties) = preSolution
		HideSolutionNode = FALSE
	EndGlobalSection
	GlobalSection(ExtensibilityGlobals) = postSolution
		SolutionGuid = {A3A1ADAB-614F-4C71-838B-6B20E261E9F3}
	EndGlobalSection
EndGlobal
